
Microsoft Visual Studio Solution File, Format Version 12.00
# Visual Studio Version 17
VisualStudioVersion = 17.7.34024.191
MinimumVisualStudioVersion = 10.0.40219.1
Project("{9A19103F-16F7-4668-BE54-9A1E7A4F7556}") = "SudokuSolutionValidator", "SudokuSolutionValidator\SudokuSolutionValidator.csproj", "{565D3B25-02F9-4031-8220-D9C687226EBE}"
EndProject
Project("{FAE04EC0-301F-11D3-BF4B-00C04F79EFBC}") = "SudokuBoard", "SudokuBoard\SudokuBoard.csproj", "{D906C4E1-0217-4429-A7F6-816AB060DFD5}"
EndProject
Global
	GlobalSection(SolutionConfigurationPlatforms) = preSolution
		Debug|Any CPU = Debug|Any CPU
		Release|Any CPU = Release|Any CPU
	EndGlobalSection
	GlobalSection(ProjectConfigurationPlatforms) = postSolution
		{565D3B25-02F9-4031-8220-D9C687226EBE}.Debug|Any CPU.ActiveCfg = Debug|Any CPU
		{565D3B25-02F9-4031-8220-D9C687226EBE}.Debug|Any CPU.Build.0 = Debug|Any CPU
		{565D3B25-02F9-4031-8220-D9C687226EBE}.Release|Any CPU.ActiveCfg = Release|Any CPU
		{565D3B25-02F9-4031-8220-D9C687226EBE}.Release|Any CPU.Build.0 = Release|Any CPU
		{D906C4E1-0217-4429-A7F6-816AB060DFD5}.Debug|Any CPU.ActiveCfg = Debug|Any CPU
		{D906C4E1-0217-4429-A7F6-816AB060DFD5}.Debug|Any CPU.Build.0 = Debug|Any CPU
		{D906C4E1-0217-4429-A7F6-816AB060DFD5}.Release|Any CPU.ActiveCfg = Release|Any CPU
		{D906C4E1-0217-4429-A7F6-816AB060DFD5}.Release|Any CPU.Build.0 = Release|Any CPU
	EndGlobalSection
	GlobalSection(SolutionProperties) = preSolution
		HideSolutionNode = FALSE
	EndGlobalSection
	GlobalSection(ExtensibilityGlobals) = postSolution
		SolutionGuid = {BEF70453-07A5-4EF5-91F8-6FB1309952AA}
	EndGlobalSection
EndGlobal
