
Microsoft Visual Studio Solution File, Format Version 12.00
# Visual Studio Version 17
VisualStudioVersion = 17.7.34024.191
MinimumVisualStudioVersion = 10.0.40219.1
Project("{9A19103F-16F7-4668-BE54-9A1E7A4F7556}") = "FileFinder", "FileFinder\FileFinder.csproj", "{2208F751-B59A-44D6-BE8B-C468F805A329}"
EndProject
Project("{FAE04EC0-301F-11D3-BF4B-00C04F79EFBC}") = "FileFinder.Tests", "FileFinder.Tests\FileFinder.Tests.csproj", "{9BA50828-6E9A-4C16-B4ED-0B1CC40CE7CE}"
EndProject
Global
	GlobalSection(SolutionConfigurationPlatforms) = preSolution
		Debug|Any CPU = Debug|Any CPU
		Release|Any CPU = Release|Any CPU
	EndGlobalSection
	GlobalSection(ProjectConfigurationPlatforms) = postSolution
		{2208F751-B59A-44D6-BE8B-C468F805A329}.Debug|Any CPU.ActiveCfg = Debug|Any CPU
		{2208F751-B59A-44D6-BE8B-C468F805A329}.Debug|Any CPU.Build.0 = Debug|Any CPU
		{2208F751-B59A-44D6-BE8B-C468F805A329}.Release|Any CPU.ActiveCfg = Release|Any CPU
		{2208F751-B59A-44D6-BE8B-C468F805A329}.Release|Any CPU.Build.0 = Release|Any CPU
		{9BA50828-6E9A-4C16-B4ED-0B1CC40CE7CE}.Debug|Any CPU.ActiveCfg = Debug|Any CPU
		{9BA50828-6E9A-4C16-B4ED-0B1CC40CE7CE}.Debug|Any CPU.Build.0 = Debug|Any CPU
		{9BA50828-6E9A-4C16-B4ED-0B1CC40CE7CE}.Release|Any CPU.ActiveCfg = Release|Any CPU
		{9BA50828-6E9A-4C16-B4ED-0B1CC40CE7CE}.Release|Any CPU.Build.0 = Release|Any CPU
	EndGlobalSection
	GlobalSection(SolutionProperties) = preSolution
		HideSolutionNode = FALSE
	EndGlobalSection
	GlobalSection(ExtensibilityGlobals) = postSolution
		SolutionGuid = {26C8DDDC-AEB2-4322-A6F1-A72C75AF4E7B}
	EndGlobalSection
EndGlobal
